{
  "object": {
    "pins": [
      {
        "package": "ServiceKit",
        "repositoryURL": "https://github.com/Roninito/ServiceKit.git",
        "state": {
          "branch": null,
          "revision": "531c96e2553533dbd42b1486e7ce0371f41f5495",
          "version": "2.0.1"
        }
      }
    ]
  },
  "version": 1
}
