{
  "object": {
    "pins": [
      {
        "package": "ServiceKit",
        "repositoryURL": "https://github.com/Roninito/ServiceKit.git",
        "state": {
          "branch": null,
          "revision": "12f1c4fd0f979b730d005f61beceb21f7b788e1b",
          "version": "2.0.3"
        }
      }
    ]
  },
  "version": 1
}
