{
  "object": {
    "pins": [
      {
        "package": "ServiceKit",
        "repositoryURL": "https://github.com/Roninito/ServiceKit.git",
        "state": {
          "branch": null,
          "revision": "89f5737a4f06e012647efbb8e2faa73d17f8ee2e",
          "version": "2.0.2"
        }
      }
    ]
  },
  "version": 1
}
